<Solution>
  <Folder Name="/src/">
    <Project Path="src/CipherNest.Shared/CipherNest.Shared.csproj" />
    <Project Path="src/CipherNest.Domain/CipherNest.Domain.csproj" />
    <Project Path="src/CipherNest.Application/CipherNest.Application.csproj" />
    <Project Path="src/CipherNest.Infrastructure/CipherNest.Infrastructure.csproj" />
    <Project Path="src/CipherNest.App/CipherNest.App.csproj" />
    <Project Path="src/CipherNest.Web/CipherNest.Web.csproj" />
  </Folder>
  <Folder Name="/tests/">
    <Project Path="tests/CipherNest.UnitTests/CipherNest.UnitTests.csproj" />
    <Project Path="tests/CipherNest.IntegrationTests/CipherNest.IntegrationTests.csproj" />
    <Project Path="tests/CipherNest.UiTests/CipherNest.UiTests.csproj" />
  </Folder>
</Solution>
